{
  "name": "simple_node",
  "version": "1.0.0",
  "lockfileVersion": 1,
  "requires": true,
  "dependencies": {
    "node": {
      "version": "12.16.1",
      "resolved": "https://registry.npmjs.org/node/-/node-12.16.1.tgz",
      "integrity": "sha512-YFayjFMXG6thgqKHsiihuGXgjD/0227b3lO3S+BmRcN/DxBlSANOUndewuo2SD7sjleo/JKiL89aDDxP2VOV3w==",
      "requires": {
        "node-bin-setup": "^1.0.0"
      }
    },
    "node-bin-setup": {
      "version": "1.0.6",
      "resolved": "https://registry.npmjs.org/node-bin-setup/-/node-bin-setup-1.0.6.tgz",
      "integrity": "sha512-uPIxXNis1CRbv1DwqAxkgBk5NFV3s7cMN/Gf556jSw6jBvV7ca4F9lRL/8cALcZecRibeqU+5dFYqFFmzv5a0Q=="
    }
  }
}
